version = 1
revision = 3
requires-python = "==3.10.*"

[[package]]
name = "automated-phishing-detection"
version = "0.1.0.dev0"
source = { editable = "." }
dependencies = [
    { name = "numpy" },
    { name = "scikit-learn" },
    { name = "scipy" },
    { name = "threadpoolctl" },
    { name = "torch" },
]

[package.dev-dependencies]
dev = [
    { name = "pytest" },
    { name = "ruff" },
]

[package.metadata]
requires-dist = [
    { name = "numpy", specifier = "==2.2.6" },
    { name = "scikit-learn", specifier = "==1.7.2" },
    { name = "scipy", specifier = "==1.15.3" },
    { name = "threadpoolctl", specifier = "==3.6.0" },
    { name = "torch", specifier = "==2.7.1" },
]

[package.metadata.requires-dev]
dev = [
    { name = "pytest", specifier = ">=8.4,<9" },
    { name = "ruff", specifier = "==0.16.6" },
]

[[package]]
name = "cloudpickle"
version = "3.1.2"
source = { registry = "https://pypi.org/simple" }
sdist = { url = "https://files.pythonhosted.org/packages/27/fb/576f067976d320f5f0114a8d9fa1215425441bb35627b1993e5afd8111e5/cloudpickle-3.1.2.tar.gz", hash = "sha256:7fda9eb655c9c230dab534f1983763de5835249750e85fbcef43aaa30a9a2414", size = 22330, upload-time = "2025-11-03T09:25:26.604Z" }
wheels = [
    { url = "https://files.pythonhosted.org/packages/88/39/799be3f2f0f38cc727ee3b4f1445fe6d5e4133064ec2e4115069418a5bb6/cloudpickle-3.1.2-py3-none-any.whl", hash = "sha256:9acb47f6afd73f60dc1df93bb801b472f05ff42fa6c84167d25cb206be1fbf4a", size = 22228, upload-time = "2025-11-03T09:25:25.534Z" },
]

[[package]]
name = "colorama"
version = "0.4.6"
source = { registry = "https://pypi.org/simple" }
sdist = { url = "https://files.pythonhosted.org/packages/d8/53/6f443c9a4a8358a93a6792e2acffb9d9d5cb0a5cfd8802644b7b1c9a02e4/colorama-0.4.6.tar.gz", hash = "sha256:08695f5cb7ed6e0531a20572697297273c47b8cae5a63ffc6d6ed5c201be6e44", size = 27697, upload-time = "2022-10-25T02:36:22.414Z" }
wheels = [
    { url = "https://files.pythonhosted.org/packages/d1/d6/3965ed04c63042e047cb6a3e6ed1a63a35087b6a609aa3a15ed8ac56c221/colorama-0.4.6-py2.py3-none-any.whl", hash = "sha256:4f1d9991f5acc0ca119f9d443620b77f9d6b33703e51011c16baf57afb285fc6", size = 25335, upload-time = "2022-10-25T02:36:20.889Z" },
]

[[package]]
name = "exceptiongroup"
version = "1.3.1"
source = { registry = "https://pypi.org/simple" }
dependencies = [
    { name = "typing-extensions" },
]
sdist = { url = "https://files.pythonhosted.org/packages/50/79/66800aadf48771f6b62f7eb014e352e5d06856655206165d775e675a02c9/exceptiongroup-1.3.1.tar.gz", hash = "sha256:8b412432c6055b0b7d14c310000ae93352ed6754f70fa8f7c34141f91c4e3219", size = 30371, upload-time = "2025-11-21T23:01:54.787Z" }
wheels = [
    { url = "https://files.pythonhosted.org/packages/8a/0e/97c33bf5009bdbac74fd2beace167cab3f978feb69cc36f1ef79360d6c4e/exceptiongroup-1.3.1-py3-none-any.whl", hash = "sha256:a7a39a3bd276781e98394987d3a5701d0c4edffb633bb7a5144577f82c773598", size = 16740, upload-time = "2025-11-21T23:01:53.443Z" },
]

[[package]]
name = "filelock"
version = "3.32.6"
source = { registry = "https://pypi.org/simple" }
sdist = { url = "https://files.pythonhosted.org/packages/38/46/126b1831dca12060d4a8296bf9c4fe5c93c4f22197fa239cb0cc82042bba/filelock-3.32.6.tar.gz", hash = "sha256:a3f55a18af3652a94d8f47d6055df434f254ca1d02ef2524850c6d249ca2512c", size = 225172, upload-time = "2026-09-08T22:57:11.528Z" }
wheels = [
    { url = "https://files.pythonhosted.org/packages/cc/06/4f138f618dbea66803291274f228f01daf29f306fe8b96bc30dab765df75/filelock-3.32.6-py3-none-any.whl", hash = "sha256:3f16ecd0117feae0dfc147e8c62eb5daeccd8bd800378c3ddf416de9b4feb6b1", size = 100189, upload-time = "2026-09-08T22:57:10.182Z" },
]

[[package]]
name = "fsspec"
version = "2026.7.0"
source = { registry = "https://pypi.org/simple" }
sdist = { url = "https://files.pythonhosted.org/packages/00/78/f34251dadb8f3921264a1d9b8946f5e542014ee2614b285261b4e40e6775/fsspec-2026.7.0.tar.gz", hash = "sha256:c803c40f4cf860b49dea58ee3e1c33cb9c790520e233537e1340049f89b82a88", size = 317040, upload-time = "2026-07-28T16:34:51.052Z" }
wheels = [
    { url = "https://files.pythonhosted.org/packages/fd/3c/6a2bf344106328fd04963664a60b9bb6496fc25df8e962fcdc1367285fb9/fsspec-2026.7.0-py3-none-any.whl", hash = "sha256:b57ddbafedfaef7018c1ecab32aa200a9d7ca26b77965f64e48b70061249d279", size = 206583, upload-time = "2026-07-28T16:34:49.538Z" },
]

[[package]]
name = "iniconfig"
version = "2.3.0"
source = { registry = "https://pypi.org/simple" }
sdist = { url = "https://files.pythonhosted.org/packages/72/34/14ca021ce8e5dfedc35312d08ba8bf51fdd999c576889fc2c24cb97f4f10/iniconfig-2.3.0.tar.gz", hash = "sha256:c76315c77db068650d49c5b56314774a7804df16fee4402c1f19d6d15d8c4730", size = 20503, upload-time = "2025-10-18T21:55:43.219Z" }
wheels = [
    { url = "https://files.pythonhosted.org/packages/cb/b1/3846dd7f199d53cb17f49cba7e651e9ce294d8497c8c150530ed11865bb8/iniconfig-2.3.0-py3-none-any.whl", hash = "sha256:f631c04d2c48c52b84d0d0549c99ff3859c98df65b3101406327ecc7d53fbf12", size = 7484, upload-time = "2025-10-18T21:55:41.639Z" },
]

[[package]]
name = "jinja2"
version = "3.1.6"
source = { registry = "https://pypi.org/simple" }
dependencies = [
    { name = "markupsafe" },
]
sdist = { url = "https://files.pythonhosted.org/packages/df/bf/f7da0350254c0ed7c72f3e33cef02e048281fec7ecec5f032d4aac52226b/jinja2-3.1.6.tar.gz", hash = "sha256:0137fb05990d35f1275a587e9aee6d56da821fc83491a0fb838183be43f66d6d", size = 245115, upload-time = "2025-03-05T20:05:02.478Z" }
wheels = [
    { url = "https://files.pythonhosted.org/packages/62/a1/3d680cbfd5f4b8f15abc1d571870c5fc3e594bb582bc3b64ea099db13e56/jinja2-3.1.6-py3-none-any.whl", hash = "sha256:85ece4451f492d0c13c5dd7c13a64681a86afae63a5f347908daf103ce6d2f67", size = 134899, upload-time = "2025-03-05T20:05:00.369Z" },
]

[[package]]
name = "joblib"
version = "1.6.0"
source = { registry = "https://pypi.org/simple" }
dependencies = [
    { name = "cloudpickle" },
]
sdist = { url = "https://files.pythonhosted.org/packages/d5/1d/537ab090f302b838943a1b56497dd53059b9a9b46a074936470173a2e207/joblib-1.6.0.tar.gz", hash = "sha256:2ccc96785b12046c08fd6d55839c12857831b54a3c1673ffadd2f04bfc4eda03", size = 327903, upload-time = "2026-08-31T09:39:04.122Z" }
wheels = [
    { url = "https://files.pythonhosted.org/packages/18/53/84099323c2ec4be98d935f63c033ac4151ee83836ca1050ede3b3aadf155/joblib-1.6.0-py3-none-any.whl", hash = "sha256:3dbbf9f6e4b592a2357b854608e980fe6390d131d7a82f011a377ef2ebef7aba", size = 306115, upload-time = "2026-08-31T09:39:02.298Z" },
]

[[package]]
name = "markupsafe"
version = "3.0.3"
source = { registry = "https://pypi.org/simple" }
sdist = { url = "https://files.pythonhosted.org/packages/7e/99/7690b6d4034fffd95959cbe0c02de8deb3098cc577c67bb6a24fe5d7caa7/markupsafe-3.0.3.tar.gz", hash = "sha256:722695808f4b6457b320fdc131280796bdceb04ab50fe1795cd540799ebe1698", size = 80313, upload-time = "2025-09-27T18:37:40.426Z" }
wheels = [
    { url = "https://files.pythonhosted.org/packages/e8/4b/3541d44f3937ba468b75da9eebcae497dcf67adb65caa16760b0a6807ebb/markupsafe-3.0.3-cp310-cp310-macosx_10_9_x86_64.whl", hash = "sha256:2f981d352f04553a7171b8e44369f2af4055f888dfb147d55e42d29e29e74559", size = 11631, upload-time = "2025-09-27T18:36:05.558Z" },
    { url = "https://files.pythonhosted.org/packages/98/1b/fbd8eed11021cabd9226c37342fa6ca4e8a98d8188a8d9b66740494960e4/markupsafe-3.0.3-cp310-cp310-macosx_11_0_arm64.whl", hash = "sha256:e1c1493fb6e50ab01d20a22826e57520f1284df32f2d8601fdd90b6304601419", size = 12057, upload-time = "2025-09-27T18:36:07.165Z" },
    { url = "https://files.pythonhosted.org/packages/40/01/e560d658dc0bb8ab762670ece35281dec7b6c1b33f5fbc09ebb57a185519/markupsafe-3.0.3-cp310-cp310-manylinux2014_aarch64.manylinux_2_17_aarch64.manylinux_2_28_aarch64.whl", hash = "sha256:1ba88449deb3de88bd40044603fafffb7bc2b055d626a330323a9ed736661695", size = 22050, upload-time = "2025-09-27T18:36:08.005Z" },
    { url = "https://files.pythonhosted.org/packages/af/cd/ce6e848bbf2c32314c9b237839119c5a564a59725b53157c856e90937b7a/markupsafe-3.0.3-cp310-cp310-manylinux2014_x86_64.manylinux_2_17_x86_64.manylinux_2_28_x86_64.whl", hash = "sha256:f42d0984e947b8adf7dd6dde396e720934d12c506ce84eea8476409563607591", size = 20681, upload-time = "2025-09-27T18:36:08.881Z" },
    { url = "https://files.pythonhosted.org/packages/c9/2a/b5c12c809f1c3045c4d580b035a743d12fcde53cf685dbc44660826308da/markupsafe-3.0.3-cp310-cp310-manylinux_2_31_riscv64.manylinux_2_39_riscv64.whl", hash = "sha256:c0c0b3ade1c0b13b936d7970b1d37a57acde9199dc2aecc4c336773e1d86049c", size = 20705, upload-time = "2025-09-27T18:36:10.131Z" },
    { url = "https://files.pythonhosted.org/packages/cf/e3/9427a68c82728d0a88c50f890d0fc072a1484de2f3ac1ad0bfc1a7214fd5/markupsafe-3.0.3-cp310-cp310-musllinux_1_2_aarch64.whl", hash = "sha256:0303439a41979d9e74d18ff5e2dd8c43ed6c6001fd40e5bf2e43f7bd9bbc523f", size = 21524, upload-time = "2025-09-27T18:36:11.324Z" },
    { url = "https://files.pythonhosted.org/packages/bc/36/23578f29e9e582a4d0278e009b38081dbe363c5e7165113fad546918a232/markupsafe-3.0.3-cp310-cp310-musllinux_1_2_riscv64.whl", hash = "sha256:d2ee202e79d8ed691ceebae8e0486bd9a2cd4794cec4824e1c99b6f5009502f6", size = 20282, upload-time = "2025-09-27T18:36:12.573Z" },
    { url = "https://files.pythonhosted.org/packages/56/21/dca11354e756ebd03e036bd8ad58d6d7168c80ce1fe5e75218e4945cbab7/markupsafe-3.0.3-cp310-cp310-musllinux_1_2_x86_64.whl", hash = "sha256:177b5253b2834fe3678cb4a5f0059808258584c559193998be2601324fdeafb1", size = 20745, upload-time = "2025-09-27T18:36:13.504Z" },
    { url = "https://files.pythonhosted.org/packages/87/99/faba9369a7ad6e4d10b6a5fbf71fa2a188fe4a593b15f0963b73859a1bbd/markupsafe-3.0.3-cp310-cp310-win32.whl", hash = "sha256:2a15a08b17dd94c53a1da0438822d70ebcd13f8c3a95abe3a9ef9f11a94830aa", size = 14571, upload-time = "2025-09-27T18:36:14.779Z" },
    { url = "https://files.pythonhosted.org/packages/d6/25/55dc3ab959917602c96985cb1253efaa4ff42f71194bddeb61eb7278b8be/markupsafe-3.0.3-cp310-cp310-win_amd64.whl", hash = "sha256:c4ffb7ebf07cfe8931028e3e4c85f0357459a3f9f9490886198848f4fa002ec8", size = 15056, upload-time = "2025-09-27T18:36:16.125Z" },
    { url = "https://files.pythonhosted.org/packages/d0/9e/0a02226640c255d1da0b8d12e24ac2aa6734da68bff14c05dd53b94a0fc3/markupsafe-3.0.3-cp310-cp310-win_arm64.whl", hash = "sha256:e2103a929dfa2fcaf9bb4e7c091983a49c9ac3b19c9061b6d5427dd7d14d81a1", size = 13932, upload-time = "2025-09-27T18:36:17.311Z" },
]

[[package]]
name = "mpmath"
version = "1.3.0"
source = { registry = "https://pypi.org/simple" }
sdist = { url = "https://files.pythonhosted.org/packages/e0/47/dd32fa426cc72114383ac549964eecb20ecfd886d1e5ccf5340b55b02f57/mpmath-1.3.0.tar.gz", hash = "sha256:7a28eb2a9774d00c7bc92411c19a89209d5da7c4c9a9e227be8330a23a25b91f", size = 508106, upload-time = "2023-03-07T16:47:11.061Z" }
wheels = [
    { url = "https://files.pythonhosted.org/packages/43/e3/7d92a15f894aa0c9c4b49b8ee9ac9850d6e63b03c9c32c0367a13ae62209/mpmath-1.3.0-py3-none-any.whl", hash = "sha256:a0b2b9fe80bbcd81a6647ff13108738cfb482d481d826cc0e02f5b35e5c88d2c", size = 536198, upload-time = "2023-03-07T16:47:09.197Z" },
]

[[package]]
name = "networkx"
version = "3.4.2"
source = { registry = "https://pypi.org/simple" }
sdist = { url = "https://files.pythonhosted.org/packages/fd/1d/06475e1cd5264c0b870ea2cc6fdb3e37177c1e565c43f56ff17a10e3937f/networkx-3.4.2.tar.gz", hash = "sha256:307c3669428c5362aab27c8a1260aa8f47c4e91d3891f48be0141738d8d053e1", size = 2151368, upload-time = "2024-10-21T12:39:38.695Z" }
wheels = [
    { url = "https://files.pythonhosted.org/packages/b9/54/dd730b32ea14ea797530a4479b2ed46a6fb250f682a9cfb997e968bf0261/networkx-3.4.2-py3-none-any.whl", hash = "sha256:df5d4365b724cf81b8c6a7312509d0c22386097011ad1abe274afd5e9d3bbc5f", size = 1723263, upload-time = "2024-10-21T12:39:36.247Z" },
]

[[package]]
name = "numpy"
version = "2.2.6"
source = { registry = "https://pypi.org/simple" }
sdist = { url = "https://files.pythonhosted.org/packages/76/21/7d2a95e4bba9dc13d043ee156a356c0a8f0c6309dff6b21b4d71a073b8a8/numpy-2.2.6.tar.gz", hash = "sha256:e29554e2bef54a90aa5cc07da6ce955accb83f21ab5de01a62c8478897b264fd", size = 20276440, upload-time = "2025-05-17T22:38:04.611Z" }
wheels = [
    { url = "https://files.pythonhosted.org/packages/9a/3e/ed6db5be21ce87955c0cbd3009f2803f59fa08df21b5df06862e2d8e2bdd/numpy-2.2.6-cp310-cp310-macosx_10_9_x86_64.whl", hash = "sha256:b412caa66f72040e6d268491a59f2c43bf03eb6c96dd8f0307829feb7fa2b6fb", size = 21165245, upload-time = "2025-05-17T21:27:58.555Z" },
    { url = "https://files.pythonhosted.org/packages/22/c2/4b9221495b2a132cc9d2eb862e21d42a009f5a60e45fc44b00118c174bff/numpy-2.2.6-cp310-cp310-macosx_11_0_arm64.whl", hash = "sha256:8e41fd67c52b86603a91c1a505ebaef50b3314de0213461c7a6e99c9a3beff90", size = 14360048, upload-time = "2025-05-17T21:28:21.406Z" },
    { url = "https://files.pythonhosted.org/packages/fd/77/dc2fcfc66943c6410e2bf598062f5959372735ffda175b39906d54f02349/numpy-2.2.6-cp310-cp310-macosx_14_0_arm64.whl", hash = "sha256:37e990a01ae6ec7fe7fa1c26c55ecb672dd98b19c3d0e1d1f326fa13cb38d163", size = 5340542, upload-time = "2025-05-17T21:28:30.931Z" },
    { url = "https://files.pythonhosted.org/packages/7a/4f/1cb5fdc353a5f5cc7feb692db9b8ec2c3d6405453f982435efc52561df58/numpy-2.2.6-cp310-cp310-macosx_14_0_x86_64.whl", hash = "sha256:5a6429d4be8ca66d889b7cf70f536a397dc45ba6faeb5f8c5427935d9592e9cf", size = 6878301, upload-time = "2025-05-17T21:28:41.613Z" },
    { url = "https://files.pythonhosted.org/packages/eb/17/96a3acd228cec142fcb8723bd3cc39c2a474f7dcf0a5d16731980bcafa95/numpy-2.2.6-cp310-cp310-manylinux_2_17_aarch64.manylinux2014_aarch64.whl", hash = "sha256:efd28d4e9cd7d7a8d39074a4d44c63eda73401580c5c76acda2ce969e0a38e83", size = 14297320, upload-time = "2025-05-17T21:29:02.78Z" },
    { url = "https://files.pythonhosted.org/packages/b4/63/3de6a34ad7ad6646ac7d2f55ebc6ad439dbbf9c4370017c50cf403fb19b5/numpy-2.2.6-cp310-cp310-manylinux_2_17_x86_64.manylinux2014_x86_64.whl", hash = "sha256:fc7b73d02efb0e18c000e9ad8b83480dfcd5dfd11065997ed4c6747470ae8915", size = 16801050, upload-time = "2025-05-17T21:29:27.675Z" },
    { url = "https://files.pythonhosted.org/packages/07/b6/89d837eddef52b3d0cec5c6ba0456c1bf1b9ef6a6672fc2b7873c3ec4e2e/numpy-2.2.6-cp310-cp310-musllinux_1_2_aarch64.whl", hash = "sha256:74d4531beb257d2c3f4b261bfb0fc09e0f9ebb8842d82a7b4209415896adc680", size = 15807034, upload-time = "2025-05-17T21:29:51.102Z" },
    { url = "https://files.pythonhosted.org/packages/01/c8/dc6ae86e3c61cfec1f178e5c9f7858584049b6093f843bca541f94120920/numpy-2.2.6-cp310-cp310-musllinux_1_2_x86_64.whl", hash = "sha256:8fc377d995680230e83241d8a96def29f204b5782f371c532579b4f20607a289", size = 18614185, upload-time = "2025-05-17T21:30:18.703Z" },
    { url = "https://files.pythonhosted.org/packages/5b/c5/0064b1b7e7c89137b471ccec1fd2282fceaae0ab3a9550f2568782d80357/numpy-2.2.6-cp310-cp310-win32.whl", hash = "sha256:b093dd74e50a8cba3e873868d9e93a85b78e0daf2e98c6797566ad8044e8363d", size = 6527149, upload-time = "2025-05-17T21:30:29.788Z" },
    { url = "https://files.pythonhosted.org/packages/a3/dd/4b822569d6b96c39d1215dbae0582fd99954dcbcf0c1a13c61783feaca3f/numpy-2.2.6-cp310-cp310-win_amd64.whl", hash = "sha256:f0fd6321b839904e15c46e0d257fdd101dd7f530fe03fd6359c1ea63738703f3", size = 12904620, upload-time = "2025-05-17T21:30:48.994Z" },
    { url = "https://files.pythonhosted.org/packages/9e/3b/d94a75f4dbf1ef5d321523ecac21ef23a3cd2ac8b78ae2aac40873590229/numpy-2.2.6-pp310-pypy310_pp73-macosx_10_15_x86_64.whl", hash = "sha256:0b605b275d7bd0c640cad4e5d30fa701a8d59302e127e5f79138ad62762c3e3d", size = 21040391, upload-time = "2025-05-17T21:44:35.948Z" },
    { url = "https://files.pythonhosted.org/packages/17/f4/09b2fa1b58f0fb4f7c7963a1649c64c4d315752240377ed74d9cd878f7b5/numpy-2.2.6-pp310-pypy310_pp73-macosx_14_0_x86_64.whl", hash = "sha256:7befc596a7dc9da8a337f79802ee8adb30a552a94f792b9c9d18c840055907db", size = 6786754, upload-time = "2025-05-17T21:44:47.446Z" },
    { url = "https://files.pythonhosted.org/packages/af/30/feba75f143bdc868a1cc3f44ccfa6c4b9ec522b36458e738cd00f67b573f/numpy-2.2.6-pp310-pypy310_pp73-manylinux_2_17_x86_64.manylinux2014_x86_64.whl", hash = "sha256:ce47521a4754c8f4593837384bd3424880629f718d87c5d44f8ed763edd63543", size = 16643476, upload-time = "2025-05-17T21:45:11.871Z" },
    { url = "https://files.pythonhosted.org/packages/37/48/ac2a9584402fb6c0cd5b5d1a91dcf176b15760130dd386bbafdbfe3640bf/numpy-2.2.6-pp310-pypy310_pp73-win_amd64.whl", hash = "sha256:d042d24c90c41b54fd506da306759e06e568864df8ec17ccc17e9e884634fd00", size = 12812666, upload-time = "2025-05-17T21:45:31.426Z" },
]

[[package]]
name = "nvidia-cublas-cu12"
version = "12.6.4.1"
source = { registry = "https://pypi.org/simple" }
wheels = [
    { url = "https://files.pythonhosted.org/packages/af/eb/ff4b8c503fa1f1796679dce648854d58751982426e4e4b37d6fce49d259c/nvidia_cublas_cu12-12.6.4.1-py3-none-manylinux2014_x86_64.manylinux_2_17_x86_64.whl", hash = "sha256:08ed2686e9875d01b58e3cb379c6896df8e76c75e0d4a7f7dace3d7b6d9ef8eb", size = 393138322, upload-time = "2024-11-20T17:40:25.65Z" },
]

[[package]]
name = "nvidia-cuda-cupti-cu12"
version = "12.6.80"
source = { registry = "https://pypi.org/simple" }
wheels = [
    { url = "https://files.pythonhosted.org/packages/49/60/7b6497946d74bcf1de852a21824d63baad12cd417db4195fc1bfe59db953/nvidia_cuda_cupti_cu12-12.6.80-py3-none-manylinux2014_x86_64.manylinux_2_17_x86_64.whl", hash = "sha256:6768bad6cab4f19e8292125e5f1ac8aa7d1718704012a0e3272a6f61c4bce132", size = 8917980, upload-time = "2024-11-20T17:36:04.019Z" },
    { url = "https://files.pythonhosted.org/packages/a5/24/120ee57b218d9952c379d1e026c4479c9ece9997a4fb46303611ee48f038/nvidia_cuda_cupti_cu12-12.6.80-py3-none-manylinux2014_x86_64.whl", hash = "sha256:a3eff6cdfcc6a4c35db968a06fcadb061cbc7d6dde548609a941ff8701b98b73", size = 8917972, upload-time = "2024-10-01T16:58:06.036Z" },
]

[[package]]
name = "nvidia-cuda-nvrtc-cu12"
version = "12.6.77"
source = { registry = "https://pypi.org/simple" }
wheels = [
    { url = "https://files.pythonhosted.org/packages/75/2e/46030320b5a80661e88039f59060d1790298b4718944a65a7f2aeda3d9e9/nvidia_cuda_nvrtc_cu12-12.6.77-py3-none-manylinux2014_x86_64.whl", hash = "sha256:35b0cc6ee3a9636d5409133e79273ce1f3fd087abb0532d2d2e8fff1fe9efc53", size = 23650380, upload-time = "2024-10-01T17:00:14.643Z" },
]

[[package]]
name = "nvidia-cuda-runtime-cu12"
version = "12.6.77"
source = { registry = "https://pypi.org/simple" }
wheels = [
    { url = "https://files.pythonhosted.org/packages/e1/23/e717c5ac26d26cf39a27fbc076240fad2e3b817e5889d671b67f4f9f49c5/nvidia_cuda_runtime_cu12-12.6.77-py3-none-manylinux2014_x86_64.manylinux_2_17_x86_64.whl", hash = "sha256:ba3b56a4f896141e25e19ab287cd71e52a6a0f4b29d0d31609f60e3b4d5219b7", size = 897690, upload-time = "2024-11-20T17:35:30.697Z" },
    { url = "https://files.pythonhosted.org/packages/f0/62/65c05e161eeddbafeca24dc461f47de550d9fa8a7e04eb213e32b55cfd99/nvidia_cuda_runtime_cu12-12.6.77-py3-none-manylinux2014_x86_64.whl", hash = "sha256:a84d15d5e1da416dd4774cb42edf5e954a3e60cc945698dc1d5be02321c44dc8", size = 897678, upload-time = "2024-10-01T16:57:33.821Z" },
]

[[package]]
name = "nvidia-cudnn-cu12"
version = "9.5.1.17"
source = { registry = "https://pypi.org/simple" }
dependencies = [
    { name = "nvidia-cublas-cu12" },
]
wheels = [
    { url = "https://files.pythonhosted.org/packages/2a/78/4535c9c7f859a64781e43c969a3a7e84c54634e319a996d43ef32ce46f83/nvidia_cudnn_cu12-9.5.1.17-py3-none-manylinux_2_28_x86_64.whl", hash = "sha256:30ac3869f6db17d170e0e556dd6cc5eee02647abc31ca856634d5a40f82c15b2", size = 570988386, upload-time = "2024-10-25T19:54:26.39Z" },
]

[[package]]
name = "nvidia-cufft-cu12"
version = "11.3.0.4"
source = { registry = "https://pypi.org/simple" }
dependencies = [
    { name = "nvidia-nvjitlink-cu12" },
]
wheels = [
    { url = "https://files.pythonhosted.org/packages/8f/16/73727675941ab8e6ffd86ca3a4b7b47065edcca7a997920b831f8147c99d/nvidia_cufft_cu12-11.3.0.4-py3-none-manylinux2014_x86_64.manylinux_2_17_x86_64.whl", hash = "sha256:ccba62eb9cef5559abd5e0d54ceed2d9934030f51163df018532142a8ec533e5", size = 200221632, upload-time = "2024-11-20T17:41:32.357Z" },
    { url = "https://files.pythonhosted.org/packages/60/de/99ec247a07ea40c969d904fc14f3a356b3e2a704121675b75c366b694ee1/nvidia_cufft_cu12-11.3.0.4-py3-none-manylinux2014_x86_64.whl", hash = "sha256:768160ac89f6f7b459bee747e8d175dbf53619cfe74b2a5636264163138013ca", size = 200221622, upload-time = "2024-10-01T17:03:58.79Z" },
]

[[package]]
name = "nvidia-cufile-cu12"
version = "1.11.1.6"
source = { registry = "https://pypi.org/simple" }
wheels = [
    { url = "https://files.pythonhosted.org/packages/b2/66/cc9876340ac68ae71b15c743ddb13f8b30d5244af344ec8322b449e35426/nvidia_cufile_cu12-1.11.1.6-py3-none-manylinux2014_x86_64.manylinux_2_17_x86_64.whl", hash = "sha256:cc23469d1c7e52ce6c1d55253273d32c565dd22068647f3aa59b3c6b005bf159", size = 1142103, upload-time = "2024-11-20T17:42:11.83Z" },
]

[[package]]
name = "nvidia-curand-cu12"
version = "10.3.7.77"
source = { registry = "https://pypi.org/simple" }
wheels = [
    { url = "https://files.pythonhosted.org/packages/73/1b/44a01c4e70933637c93e6e1a8063d1e998b50213a6b65ac5a9169c47e98e/nvidia_curand_cu12-10.3.7.77-py3-none-manylinux2014_x86_64.manylinux_2_17_x86_64.whl", hash = "sha256:a42cd1344297f70b9e39a1e4f467a4e1c10f1da54ff7a85c12197f6c652c8bdf", size = 56279010, upload-time = "2024-11-20T17:42:50.958Z" },
    { url = "https://files.pythonhosted.org/packages/4a/aa/2c7ff0b5ee02eaef890c0ce7d4f74bc30901871c5e45dee1ae6d0083cd80/nvidia_curand_cu12-10.3.7.77-py3-none-manylinux2014_x86_64.whl", hash = "sha256:99f1a32f1ac2bd134897fc7a203f779303261268a65762a623bf30cc9fe79117", size = 56279000, upload-time = "2024-10-01T17:04:45.274Z" },
]

[[package]]
name = "nvidia-cusolver-cu12"
version = "11.7.1.2"
source = { registry = "https://pypi.org/simple" }
dependencies = [
    { name = "nvidia-cublas-cu12" },
    { name = "nvidia-cusparse-cu12" },
    { name = "nvidia-nvjitlink-cu12" },
]
wheels = [
    { url = "https://files.pythonhosted.org/packages/f0/6e/c2cf12c9ff8b872e92b4a5740701e51ff17689c4d726fca91875b07f655d/nvidia_cusolver_cu12-11.7.1.2-py3-none-manylinux2014_x86_64.manylinux_2_17_x86_64.whl", hash = "sha256:e9e49843a7707e42022babb9bcfa33c29857a93b88020c4e4434656a655b698c", size = 158229790, upload-time = "2024-11-20T17:43:43.211Z" },
    { url = "https://files.pythonhosted.org/packages/9f/81/baba53585da791d043c10084cf9553e074548408e04ae884cfe9193bd484/nvidia_cusolver_cu12-11.7.1.2-py3-none-manylinux2014_x86_64.whl", hash = "sha256:6cf28f17f64107a0c4d7802be5ff5537b2130bfc112f25d5a30df227058ca0e6", size = 158229780, upload-time = "2024-10-01T17:05:39.875Z" },
]

[[package]]
name = "nvidia-cusparse-cu12"
version = "12.5.4.2"
source = { registry = "https://pypi.org/simple" }
dependencies = [
    { name = "nvidia-nvjitlink-cu12" },
]
wheels = [
    { url = "https://files.pythonhosted.org/packages/06/1e/b8b7c2f4099a37b96af5c9bb158632ea9e5d9d27d7391d7eb8fc45236674/nvidia_cusparse_cu12-12.5.4.2-py3-none-manylinux2014_x86_64.manylinux_2_17_x86_64.whl", hash = "sha256:7556d9eca156e18184b94947ade0fba5bb47d69cec46bf8660fd2c71a4b48b73", size = 216561367, upload-time = "2024-11-20T17:44:54.824Z" },
    { url = "https://files.pythonhosted.org/packages/43/ac/64c4316ba163e8217a99680c7605f779accffc6a4bcd0c778c12948d3707/nvidia_cusparse_cu12-12.5.4.2-py3-none-manylinux2014_x86_64.whl", hash = "sha256:23749a6571191a215cb74d1cdbff4a86e7b19f1200c071b3fcf844a5bea23a2f", size = 216561357, upload-time = "2024-10-01T17:06:29.861Z" },
]

[[package]]
name = "nvidia-cusparselt-cu12"
version = "0.6.3"
source = { registry = "https://pypi.org/simple" }
wheels = [
    { url = "https://files.pythonhosted.org/packages/3b/9a/72ef35b399b0e183bc2e8f6f558036922d453c4d8237dab26c666a04244b/nvidia_cusparselt_cu12-0.6.3-py3-none-manylinux2014_x86_64.whl", hash = "sha256:e5c8a26c36445dd2e6812f1177978a24e2d37cacce7e090f297a688d1ec44f46", size = 156785796, upload-time = "2024-10-15T21:29:17.709Z" },
]

[[package]]
name = "nvidia-nccl-cu12"
version = "2.26.2"
source = { registry = "https://pypi.org/simple" }
wheels = [
    { url = "https://files.pythonhosted.org/packages/67/ca/f42388aed0fddd64ade7493dbba36e1f534d4e6fdbdd355c6a90030ae028/nvidia_nccl_cu12-2.26.2-py3-none-manylinux2014_x86_64.manylinux_2_17_x86_64.whl", hash = "sha256:694cf3879a206553cc9d7dbda76b13efaf610fdb70a50cba303de1b0d1530ac6", size = 201319755, upload-time = "2025-03-13T00:29:55.296Z" },
]

[[package]]
name = "nvidia-nvjitlink-cu12"
version = "12.6.85"
source = { registry = "https://pypi.org/simple" }
wheels = [
    { url = "https://files.pythonhosted.org/packages/9d/d7/c5383e47c7e9bf1c99d5bd2a8c935af2b6d705ad831a7ec5c97db4d82f4f/nvidia_nvjitlink_cu12-12.6.85-py3-none-manylinux2010_x86_64.manylinux_2_12_x86_64.whl", hash = "sha256:eedc36df9e88b682efe4309aa16b5b4e78c2407eac59e8c10a6a47535164369a", size = 19744971, upload-time = "2024-11-20T17:46:53.366Z" },
]

[[package]]
name = "nvidia-nvtx-cu12"
version = "12.6.77"
source = { registry = "https://pypi.org/simple" }
wheels = [
    { url = "https://files.pythonhosted.org/packages/56/9a/fff8376f8e3d084cd1530e1ef7b879bb7d6d265620c95c1b322725c694f4/nvidia_nvtx_cu12-12.6.77-py3-none-manylinux2014_x86_64.manylinux_2_17_x86_64.whl", hash = "sha256:b90bed3df379fa79afbd21be8e04a0314336b8ae16768b58f2d34cb1d04cd7d2", size = 89276, upload-time = "2024-11-20T17:38:27.621Z" },
    { url = "https://files.pythonhosted.org/packages/9e/4e/0d0c945463719429b7bd21dece907ad0bde437a2ff12b9b12fee94722ab0/nvidia_nvtx_cu12-12.6.77-py3-none-manylinux2014_x86_64.whl", hash = "sha256:6574241a3ec5fdc9334353ab8c479fe75841dbe8f4532a8fc97ce63503330ba1", size = 89265, upload-time = "2024-10-01T17:00:38.172Z" },
]

[[package]]
name = "packaging"
version = "26.3"
source = { registry = "https://pypi.org/simple" }
sdist = { url = "https://files.pythonhosted.org/packages/7d/fa/3944b40b07da9ce895c0e6303a5ab7d53da063554f534556b134a54d6093/packaging-26.3.tar.gz", hash = "sha256:94edc256424af38762eb31306eed28beb9f0efc50a8837492c9d6fd6004aed79", size = 313412, upload-time = "2026-08-04T18:15:28.737Z" }
wheels = [
    { url = "https://files.pythonhosted.org/packages/63/34/ba1c580383c9eada3711951fef0795c80b829a078d72188184bcab9dd527/packaging-26.3-py3-none-any.whl", hash = "sha256:d7193f7c8e4e93f444fde0262bf90af30e16fa0ad0ad44cb553c87339b23cd1c", size = 129956, upload-time = "2026-08-04T18:15:27.159Z" },
]

[[package]]
name = "pluggy"
version = "1.6.0"
source = { registry = "https://pypi.org/simple" }
sdist = { url = "https://files.pythonhosted.org/packages/f9/e2/3e91f31a7d2b083fe6ef3fa267035b518369d9511ffab804f839851d2779/pluggy-1.6.0.tar.gz", hash = "sha256:7dcc130b76258d33b90f61b658791dede3486c3e6bfb003ee5c9bfb396dd22f3", size = 69412, upload-time = "2025-05-15T12:30:07.975Z" }
wheels = [
    { url = "https://files.pythonhosted.org/packages/54/20/4d324d65cc6d9205fabedc306948156824eb9f0ee1633355a8f7ec5c66bf/pluggy-1.6.0-py3-none-any.whl", hash = "sha256:e920276dd6813095e9377c0bc5566d94c932c33b27a3e3945d8389c374dd4746", size = 20538, upload-time = "2025-05-15T12:30:06.134Z" },
]

[[package]]
name = "pygments"
version = "2.21.0"
source = { registry = "https://pypi.org/simple" }
sdist = { url = "https://files.pythonhosted.org/packages/49/2e/ced460408999b33da6b31b0021b0f37d329e202d4169aeb164493778f25b/pygments-2.21.0.tar.gz", hash = "sha256:610ca751c9bc2492b38eb9a38a7fbc93edbbb2d7182edaf34e66ae493dee5c8c", size = 5005329, upload-time = "2026-08-17T08:02:48.824Z" }
wheels = [
    { url = "https://files.pythonhosted.org/packages/71/46/17f022dd3e953bf20a04a028a21ec746d942f8d2af30fa0f124fa0e6a684/pygments-2.21.0-py3-none-any.whl", hash = "sha256:2363c69b61c4a97c838da3b130dcd6468f4848992b21a82f2a63ec34377137d9", size = 1250147, upload-time = "2026-08-17T08:02:44.912Z" },
]

[[package]]
name = "pytest"
version = "8.4.2"
source = { registry = "https://pypi.org/simple" }
dependencies = [
    { name = "colorama", marker = "sys_platform == 'win32'" },
    { name = "exceptiongroup" },
    { name = "iniconfig" },
    { name = "packaging" },
    { name = "pluggy" },
    { name = "pygments" },
    { name = "tomli" },
]
sdist = { url = "https://files.pythonhosted.org/packages/a3/5c/00a0e072241553e1a7496d638deababa67c5058571567b92a7eaa258397c/pytest-8.4.2.tar.gz", hash = "sha256:86c0d0b93306b961d58d62a4db4879f27fe25513d4b969df351abdddb3c30e01", size = 1519618, upload-time = "2025-09-04T14:34:22.711Z" }
wheels = [
    { url = "https://files.pythonhosted.org/packages/a8/a4/20da314d277121d6534b3a980b29035dcd51e6744bd79075a6ce8fa4eb8d/pytest-8.4.2-py3-none-any.whl", hash = "sha256:872f880de3fc3a5bdc88a11b39c9710c3497a547cfa9320bc3c5e62fbf272e79", size = 365750, upload-time = "2025-09-04T14:34:20.226Z" },
]

[[package]]
name = "ruff"
version = "0.16.6"
source = { registry = "https://pypi.org/simple" }
sdist = { url = "https://files.pythonhosted.org/packages/a4/7c/6adb35d70e7c027e308274557901c7e00fb3407750faf3620c184ae058cb/ruff-0.16.6.tar.gz", hash = "sha256:dcf8a73d2ff77e99dde91244b4da16feba7f14e6beeb4015dee7c5a909e99050", size = 4921251, upload-time = "2026-09-03T16:57:29.037Z" }
wheels = [
    { url = "https://files.pythonhosted.org/packages/a4/28/9cc1b79639e284ec103f43c88c644db4eb58cbd0ea1ca11f1193435369ac/ruff-0.16.6-py3-none-linux_armv6l.whl", hash = "sha256:61c368c26bf8e973e5ab14a2772de587bc068ea3f9a277f673380749b4898fb8", size = 10015638, upload-time = "2026-09-03T16:56:40.986Z" },
    { url = "https://files.pythonhosted.org/packages/71/11/627d342ef727ea7794edf74fe23d60a074b02c3acc2e9436684e782286ca/ruff-0.16.6-py3-none-macosx_10_12_x86_64.whl", hash = "sha256:ecf4f068e2e123e43a26e9db4e19524cc56563912404e83bbfca375757e45a32", size = 10220762, upload-time = "2026-09-03T16:56:44.681Z" },
    { url = "https://files.pythonhosted.org/packages/43/d9/b75668ce41e4c8d073d18d6d08672ba6906ce45d5c06ea4fdb2e84ce3853/ruff-0.16.6-py3-none-macosx_11_0_arm64.whl", hash = "sha256:99b62ea33baf130f50368798d841f0d95527b6d817bf31817b65dd058f1d314c", size = 9835082, upload-time = "2026-09-03T16:56:47.142Z" },
    { url = "https://files.pythonhosted.org/packages/99/97/123ab10b05cde889c107c20f5a9774955104b5552796a2a8584b089ae8eb/ruff-0.16.6-py3-none-manylinux_2_17_aarch64.manylinux2014_aarch64.whl", hash = "sha256:7fbf89013f2bb3f6835a6038ff658dc8a1b38c98dc8e724b964168ad4e881876", size = 9949304, upload-time = "2026-09-03T16:56:49.813Z" },
    { url = "https://files.pythonhosted.org/packages/3e/58/a4a2c59dd2e5b85929c912d9cac3056eb9ee8c7e75e9b9fe3e109174966b/ruff-0.16.6-py3-none-manylinux_2_17_armv7l.manylinux2014_armv7l.whl", hash = "sha256:56a67065e22efa6bc4d498299d3bb06c0c90aace8fac2068b5a12f9dc4d8d51d", size = 9840612, upload-time = "2026-09-03T16:56:52.368Z" },
    { url = "https://files.pythonhosted.org/packages/61/6a/ff8c8626a786c4f49d48ced4a752dadbca65f5263005f9c2416578194694/ruff-0.16.6-py3-none-manylinux_2_17_i686.manylinux2014_i686.whl", hash = "sha256:e25cc89174874b176a157e4428d66761c2c0c006654419bf384f967f361ff1b1", size = 10543465, upload-time = "2026-09-03T16:56:55.089Z" },
    { url = "https://files.pythonhosted.org/packages/ad/bb/c47535923365f337b82e28192e4e9eef2176511007cfd99a62fc22df5dad/ruff-0.16.6-py3-none-manylinux_2_17_ppc64le.manylinux2014_ppc64le.whl", hash = "sha256:0700580ed5303723cb3c11c2f1d2a8913ce77b7ea86646dddb887f5417a9ba70", size = 11267576, upload-time = "2026-09-03T16:56:57.791Z" },
    { url = "https://files.pythonhosted.org/packages/ba/50/e5119a5212b5cd63b51e1f4b25e7bd636a6668fc069a3160b108ad7e3c16/ruff-0.16.6-py3-none-manylinux_2_17_s390x.manylinux2014_s390x.whl", hash = "sha256:15f1d0b6e165a6e56567befb6629f8209271311d990bae0f37e6d065035ef5f3", size = 10781993, upload-time = "2026-09-03T16:57:00.666Z" },
    { url = "https://files.pythonhosted.org/packages/8b/98/083d8b4ef3c51a0d19db84367791cbe9f44e4b53343d19dfa83556e1cd9a/ruff-0.16.6-py3-none-manylinux_2_17_x86_64.manylinux2014_x86_64.whl", hash = "sha256:d72c591a96986ee4268860e2b7235082129ca5e4cb9cbba653a4b57c11893757", size = 10317748, upload-time = "2026-09-03T16:57:03.428Z" },
    { url = "https://files.pythonhosted.org/packages/9a/29/68f7ff2c5ad95f19f00627ac2de95644e25fe47371ea60b2db1fd952315e/ruff-0.16.6-py3-none-manylinux_2_31_riscv64.whl", hash = "sha256:65a006baa18f33324325814c864daef03541d51564b98c517610ea756ab7003e", size = 10540096, upload-time = "2026-09-03T16:57:06.182Z" },
    { url = "https://files.pythonhosted.org/packages/c4/f9/79a8f6de85968641d68a7863aeec577551924ef066a990a48ff93167beab/ruff-0.16.6-py3-none-musllinux_1_2_aarch64.whl", hash = "sha256:cd02a7bf1a21a8735228a3e8c95a9dc5cf86bd2a52194f4aaae2a5755b4de0f4", size = 10100494, upload-time = "2026-09-03T16:57:09.194Z" },
    { url = "https://files.pythonhosted.org/packages/d9/e8/b81a22d9b90c00b892ccf2fa2ac36fa95de4c13ab85aea3e73795cfe4651/ruff-0.16.6-py3-none-musllinux_1_2_armv7l.whl", hash = "sha256:31b36f1e5ad85e0737f09d2be4e512e2e283583c14015da3b9dc07359ac0fc88", size = 9843663, upload-time = "2026-09-03T16:57:12.168Z" },
    { url = "https://files.pythonhosted.org/packages/39/aa/54f516ec5e5a11c4afdceb1c454ebb054ffb96e4f4a1705580b4346abd35/ruff-0.16.6-py3-none-musllinux_1_2_i686.whl", hash = "sha256:61029b4ab4aa723fd3064fab96b1d814492596bf0c792679fffcbde1e1679953", size = 10282461, upload-time = "2026-09-03T16:57:15.077Z" },
    { url = "https://files.pythonhosted.org/packages/52/0b/38d0aa8aa32372b96dc44f97b22e576c4147808271aab7b2cb1e353d4445/ruff-0.16.6-py3-none-musllinux_1_2_x86_64.whl", hash = "sha256:9ac8998457832c2061709d900856b7ad271dace0cb41f346588d540162bfa718", size = 10728808, upload-time = "2026-09-03T16:57:17.797Z" },
    { url = "https://files.pythonhosted.org/packages/5e/e5/9e274e24eeb027640ffc7442f21239f16d17f47acec15ae34f32e03a5c79/ruff-0.16.6-py3-none-win32.whl", hash = "sha256:0b87d9d16fcb63e8018423ca1d50b7260f15cb2da33e30db4baad4183a948c25", size = 10049212, upload-time = "2026-09-03T16:57:20.55Z" },
    { url = "https://files.pythonhosted.org/packages/22/31/72472449414223ed1a2da236b992adbb1a2ae59e34794574810f60ce068e/ruff-0.16.6-py3-none-win_amd64.whl", hash = "sha256:10d21c51c3495d8eaea7b703a16592117ea6eb1d649e36335aa965ff1173eb39", size = 10556402, upload-time = "2026-09-03T16:57:23.501Z" },
    { url = "https://files.pythonhosted.org/packages/fc/07/d781f8f8e1ac24bef9f3269cf62ffb1407ca24c3a8f12e5e22874f90528c/ruff-0.16.6-py3-none-win_arm64.whl", hash = "sha256:7a976c79b958f94e50a022a19f0f8c87387448020935ec14fc74331bd0a7f2c5", size = 10412850, upload-time = "2026-09-03T16:57:26.416Z" },
]

[[package]]
name = "scikit-learn"
version = "1.7.2"
source = { registry = "https://pypi.org/simple" }
dependencies = [
    { name = "joblib" },
    { name = "numpy" },
    { name = "scipy" },
    { name = "threadpoolctl" },
]
sdist = { url = "https://files.pythonhosted.org/packages/98/c2/a7855e41c9d285dfe86dc50b250978105dce513d6e459ea66a6aeb0e1e0c/scikit_learn-1.7.2.tar.gz", hash = "sha256:20e9e49ecd130598f1ca38a1d85090e1a600147b9c02fa6f15d69cb53d968fda", size = 7193136, upload-time = "2025-09-09T08:21:29.075Z" }
wheels = [
    { url = "https://files.pythonhosted.org/packages/ba/3e/daed796fd69cce768b8788401cc464ea90b306fb196ae1ffed0b98182859/scikit_learn-1.7.2-cp310-cp310-macosx_10_9_x86_64.whl", hash = "sha256:6b33579c10a3081d076ab403df4a4190da4f4432d443521674637677dc91e61f", size = 9336221, upload-time = "2025-09-09T08:20:19.328Z" },
    { url = "https://files.pythonhosted.org/packages/1c/ce/af9d99533b24c55ff4e18d9b7b4d9919bbc6cd8f22fe7a7be01519a347d5/scikit_learn-1.7.2-cp310-cp310-macosx_12_0_arm64.whl", hash = "sha256:36749fb62b3d961b1ce4fedf08fa57a1986cd409eff2d783bca5d4b9b5fce51c", size = 8653834, upload-time = "2025-09-09T08:20:22.073Z" },
    { url = "https://files.pythonhosted.org/packages/58/0e/8c2a03d518fb6bd0b6b0d4b114c63d5f1db01ff0f9925d8eb10960d01c01/scikit_learn-1.7.2-cp310-cp310-manylinux2014_x86_64.manylinux_2_17_x86_64.whl", hash = "sha256:7a58814265dfc52b3295b1900cfb5701589d30a8bb026c7540f1e9d3499d5ec8", size = 9660938, upload-time = "2025-09-09T08:20:24.327Z" },
    { url = "https://files.pythonhosted.org/packages/2b/75/4311605069b5d220e7cf5adabb38535bd96f0079313cdbb04b291479b22a/scikit_learn-1.7.2-cp310-cp310-manylinux_2_27_aarch64.manylinux_2_28_aarch64.whl", hash = "sha256:4a847fea807e278f821a0406ca01e387f97653e284ecbd9750e3ee7c90347f18", size = 9477818, upload-time = "2025-09-09T08:20:26.845Z" },
    { url = "https://files.pythonhosted.org/packages/7f/9b/87961813c34adbca21a6b3f6b2bea344c43b30217a6d24cc437c6147f3e8/scikit_learn-1.7.2-cp310-cp310-win_amd64.whl", hash = "sha256:ca250e6836d10e6f402436d6463d6c0e4d8e0234cfb6a9a47835bd392b852ce5", size = 8886969, upload-time = "2025-09-09T08:20:29.329Z" },
]

[[package]]
name = "scipy"
version = "1.15.3"
source = { registry = "https://pypi.org/simple" }
dependencies = [
    { name = "numpy" },
]
sdist = { url = "https://files.pythonhosted.org/packages/0f/37/6964b830433e654ec7485e45a00fc9a27cf868d622838f6b6d9c5ec0d532/scipy-1.15.3.tar.gz", hash = "sha256:eae3cf522bc7df64b42cad3925c876e1b0b6c35c1337c93e12c0f366f55b0eaf", size = 59419214, upload-time = "2025-05-08T16:13:05.955Z" }
wheels = [
    { url = "https://files.pythonhosted.org/packages/78/2f/4966032c5f8cc7e6a60f1b2e0ad686293b9474b65246b0c642e3ef3badd0/scipy-1.15.3-cp310-cp310-macosx_10_13_x86_64.whl", hash = "sha256:a345928c86d535060c9c2b25e71e87c39ab2f22fc96e9636bd74d1dbf9de448c", size = 38702770, upload-time = "2025-05-08T16:04:20.849Z" },
    { url = "https://files.pythonhosted.org/packages/a0/6e/0c3bf90fae0e910c274db43304ebe25a6b391327f3f10b5dcc638c090795/scipy-1.15.3-cp310-cp310-macosx_12_0_arm64.whl", hash = "sha256:ad3432cb0f9ed87477a8d97f03b763fd1d57709f1bbde3c9369b1dff5503b253", size = 30094511, upload-time = "2025-05-08T16:04:27.103Z" },
    { url = "https://files.pythonhosted.org/packages/ea/b1/4deb37252311c1acff7f101f6453f0440794f51b6eacb1aad4459a134081/scipy-1.15.3-cp310-cp310-macosx_14_0_arm64.whl", hash = "sha256:aef683a9ae6eb00728a542b796f52a5477b78252edede72b8327a886ab63293f", size = 22368151, upload-time = "2025-05-08T16:04:31.731Z" },
    { url = "https://files.pythonhosted.org/packages/38/7d/f457626e3cd3c29b3a49ca115a304cebb8cc6f31b04678f03b216899d3c6/scipy-1.15.3-cp310-cp310-macosx_14_0_x86_64.whl", hash = "sha256:1c832e1bd78dea67d5c16f786681b28dd695a8cb1fb90af2e27580d3d0967e92", size = 25121732, upload-time = "2025-05-08T16:04:36.596Z" },
    { url = "https://files.pythonhosted.org/packages/db/0a/92b1de4a7adc7a15dcf5bddc6e191f6f29ee663b30511ce20467ef9b82e4/scipy-1.15.3-cp310-cp310-manylinux_2_17_aarch64.manylinux2014_aarch64.whl", hash = "sha256:263961f658ce2165bbd7b99fa5135195c3a12d9bef045345016b8b50c315cb82", size = 35547617, upload-time = "2025-05-08T16:04:43.546Z" },
    { url = "https://files.pythonhosted.org/packages/8e/6d/41991e503e51fc1134502694c5fa7a1671501a17ffa12716a4a9151af3df/scipy-1.15.3-cp310-cp310-manylinux_2_17_x86_64.manylinux2014_x86_64.whl", hash = "sha256:9e2abc762b0811e09a0d3258abee2d98e0c703eee49464ce0069590846f31d40", size = 37662964, upload-time = "2025-05-08T16:04:49.431Z" },
    { url = "https://files.pythonhosted.org/packages/25/e1/3df8f83cb15f3500478c889be8fb18700813b95e9e087328230b98d547ff/scipy-1.15.3-cp310-cp310-musllinux_1_2_aarch64.whl", hash = "sha256:ed7284b21a7a0c8f1b6e5977ac05396c0d008b89e05498c8b7e8f4a1423bba0e", size = 37238749, upload-time = "2025-05-08T16:04:55.215Z" },
    { url = "https://files.pythonhosted.org/packages/93/3e/b3257cf446f2a3533ed7809757039016b74cd6f38271de91682aa844cfc5/scipy-1.15.3-cp310-cp310-musllinux_1_2_x86_64.whl", hash = "sha256:5380741e53df2c566f4d234b100a484b420af85deb39ea35a1cc1be84ff53a5c", size = 40022383, upload-time = "2025-05-08T16:05:01.914Z" },
    { url = "https://files.pythonhosted.org/packages/d1/84/55bc4881973d3f79b479a5a2e2df61c8c9a04fcb986a213ac9c02cfb659b/scipy-1.15.3-cp310-cp310-win_amd64.whl", hash = "sha256:9d61e97b186a57350f6d6fd72640f9e99d5a4a2b8fbf4b9ee9a841eab327dc13", size = 41259201, upload-time = "2025-05-08T16:05:08.166Z" },
]

[[package]]
name = "setuptools"
version = "84.0.0"
source = { registry = "https://pypi.org/simple" }
sdist = { url = "https://files.pythonhosted.org/packages/6d/44/f5da03a8ef95d369145c5bb53050e7877c9f3d312e128605fd9504829143/setuptools-84.0.0.tar.gz", hash = "sha256:f4695c21257f0d9b537ec2692c941d02ee143b7cc1276941349a546573b2ef73", size = 1168449, upload-time = "2026-08-08T18:27:58.365Z" }
wheels = [
    { url = "https://files.pythonhosted.org/packages/95/9c/c510029fc6ef33a6275cd2c5d3cecd6613dfd6aa401d57c54f1c18852ccf/setuptools-84.0.0-py3-none-any.whl", hash = "sha256:51a52592b3b99e102b609654876bd65f19f999935166d1352678931132b0c670", size = 818216, upload-time = "2026-08-08T18:27:56.719Z" },
]

[[package]]
name = "sympy"
version = "1.14.0"
source = { registry = "https://pypi.org/simple" }
dependencies = [
    { name = "mpmath" },
]
sdist = { url = "https://files.pythonhosted.org/packages/83/d3/803453b36afefb7c2bb238361cd4ae6125a569b4db67cd9e79846ba2d68c/sympy-1.14.0.tar.gz", hash = "sha256:d3d3fe8df1e5a0b42f0e7bdf50541697dbe7d23746e894990c030e2b05e72517", size = 7793921, upload-time = "2025-04-27T18:05:01.611Z" }
wheels = [
    { url = "https://files.pythonhosted.org/packages/a2/09/77d55d46fd61b4a135c444fc97158ef34a095e5681d0a6c10b75bf356191/sympy-1.14.0-py3-none-any.whl", hash = "sha256:e091cc3e99d2141a0ba2847328f5479b05d94a6635cb96148ccb3f34671bd8f5", size = 6299353, upload-time = "2025-04-27T18:04:59.103Z" },
]

[[package]]
name = "threadpoolctl"
version = "3.6.0"
source = { registry = "https://pypi.org/simple" }
sdist = { url = "https://files.pythonhosted.org/packages/b7/4d/08c89e34946fce2aec4fbb45c9016efd5f4d7f24af8e5d93296e935631d8/threadpoolctl-3.6.0.tar.gz", hash = "sha256:8ab8b4aa3491d812b623328249fab5302a68d2d71745c8a4c719a2fcaba9f44e", size = 21274, upload-time = "2025-03-13T13:49:23.031Z" }
wheels = [
    { url = "https://files.pythonhosted.org/packages/32/d5/f9a850d79b0851d1d4ef6456097579a9005b31fea68726a4ae5f2d82ddd9/threadpoolctl-3.6.0-py3-none-any.whl", hash = "sha256:43a0b8fd5a2928500110039e43a5eed8480b918967083ea48dc3ab9f13c4a7fb", size = 18638, upload-time = "2025-03-13T13:49:21.846Z" },
]

[[package]]
name = "tomli"
version = "2.4.1"
source = { registry = "https://pypi.org/simple" }
sdist = { url = "https://files.pythonhosted.org/packages/22/de/48c59722572767841493b26183a0d1cc411d54fd759c5607c4590b6563a6/tomli-2.4.1.tar.gz", hash = "sha256:7c7e1a961a0b2f2472c1ac5b69affa0ae1132c39adcb67aba98568702b9cc23f", size = 17543, upload-time = "2026-03-25T20:22:03.828Z" }
wheels = [
    { url = "https://files.pythonhosted.org/packages/7b/61/cceae43728b7de99d9b847560c262873a1f6c98202171fd5ed62640b494b/tomli-2.4.1-py3-none-any.whl", hash = "sha256:0d85819802132122da43cb86656f8d1f8c6587d54ae7dcaf30e90533028b49fe", size = 14583, upload-time = "2026-03-25T20:22:03.012Z" },
]

[[package]]
name = "torch"
version = "2.7.1"
source = { registry = "https://pypi.org/simple" }
dependencies = [
    { name = "filelock" },
    { name = "fsspec" },
    { name = "jinja2" },
    { name = "networkx" },
    { name = "nvidia-cublas-cu12", marker = "platform_machine == 'x86_64' and sys_platform == 'linux'" },
    { name = "nvidia-cuda-cupti-cu12", marker = "platform_machine == 'x86_64' and sys_platform == 'linux'" },
    { name = "nvidia-cuda-nvrtc-cu12", marker = "platform_machine == 'x86_64' and sys_platform == 'linux'" },
    { name = "nvidia-cuda-runtime-cu12", marker = "platform_machine == 'x86_64' and sys_platform == 'linux'" },
    { name = "nvidia-cudnn-cu12", marker = "platform_machine == 'x86_64' and sys_platform == 'linux'" },
    { name = "nvidia-cufft-cu12", marker = "platform_machine == 'x86_64' and sys_platform == 'linux'" },
    { name = "nvidia-cufile-cu12", marker = "platform_machine == 'x86_64' and sys_platform == 'linux'" },
    { name = "nvidia-curand-cu12", marker = "platform_machine == 'x86_64' and sys_platform == 'linux'" },
    { name = "nvidia-cusolver-cu12", marker = "platform_machine == 'x86_64' and sys_platform == 'linux'" },
    { name = "nvidia-cusparse-cu12", marker = "platform_machine == 'x86_64' and sys_platform == 'linux'" },
    { name = "nvidia-cusparselt-cu12", marker = "platform_machine == 'x86_64' and sys_platform == 'linux'" },
    { name = "nvidia-nccl-cu12", marker = "platform_machine == 'x86_64' and sys_platform == 'linux'" },
    { name = "nvidia-nvjitlink-cu12", marker = "platform_machine == 'x86_64' and sys_platform == 'linux'" },
    { name = "nvidia-nvtx-cu12", marker = "platform_machine == 'x86_64' and sys_platform == 'linux'" },
    { name = "sympy" },
    { name = "triton", marker = "platform_machine == 'x86_64' and sys_platform == 'linux'" },
    { name = "typing-extensions" },
]
wheels = [
    { url = "https://files.pythonhosted.org/packages/6a/27/2e06cb52adf89fe6e020963529d17ed51532fc73c1e6d1b18420ef03338c/torch-2.7.1-cp310-cp310-manylinux_2_28_aarch64.whl", hash = "sha256:a103b5d782af5bd119b81dbcc7ffc6fa09904c423ff8db397a1e6ea8fd71508f", size = 99089441, upload-time = "2025-06-04T17:38:48.268Z" },
    { url = "https://files.pythonhosted.org/packages/0a/7c/0a5b3aee977596459ec45be2220370fde8e017f651fecc40522fd478cb1e/torch-2.7.1-cp310-cp310-manylinux_2_28_x86_64.whl", hash = "sha256:fe955951bdf32d182ee8ead6c3186ad54781492bf03d547d31771a01b3d6fb7d", size = 821154516, upload-time = "2025-06-04T17:36:28.556Z" },
    { url = "https://files.pythonhosted.org/packages/f9/91/3d709cfc5e15995fb3fe7a6b564ce42280d3a55676dad672205e94f34ac9/torch-2.7.1-cp310-cp310-win_amd64.whl", hash = "sha256:885453d6fba67d9991132143bf7fa06b79b24352f4506fd4d10b309f53454162", size = 216093147, upload-time = "2025-06-04T17:39:38.132Z" },
    { url = "https://files.pythonhosted.org/packages/92/f6/5da3918414e07da9866ecb9330fe6ffdebe15cb9a4c5ada7d4b6e0a6654d/torch-2.7.1-cp310-none-macosx_11_0_arm64.whl", hash = "sha256:d72acfdb86cee2a32c0ce0101606f3758f0d8bb5f8f31e7920dc2809e963aa7c", size = 68630914, upload-time = "2025-06-04T17:39:31.162Z" },
]

[[package]]
name = "triton"
version = "3.3.1"
source = { registry = "https://pypi.org/simple" }
dependencies = [
    { name = "setuptools" },
]
wheels = [
    { url = "https://files.pythonhosted.org/packages/8d/a9/549e51e9b1b2c9b854fd761a1d23df0ba2fbc60bd0c13b489ffa518cfcb7/triton-3.3.1-cp310-cp310-manylinux_2_27_x86_64.manylinux_2_28_x86_64.whl", hash = "sha256:b74db445b1c562844d3cfad6e9679c72e93fdfb1a90a24052b03bb5c49d1242e", size = 155600257, upload-time = "2025-05-29T23:39:36.085Z" },
]

[[package]]
name = "typing-extensions"
version = "4.16.0"
source = { registry = "https://pypi.org/simple" }
sdist = { url = "https://files.pythonhosted.org/packages/f6/cc/6253133b5bb138fc3306cebfbda2c520f545d36b5be2c7255cc528bb45d6/typing_extensions-4.16.0.tar.gz", hash = "sha256:dc983d19a509c94dba722ee6abd33940f7c05a89e243c47e907eb4db6f1a43e5", size = 113555, upload-time = "2026-07-02T08:40:05.92Z" }
wheels = [
    { url = "https://files.pythonhosted.org/packages/49/d3/b8441a820a491ddfc024b0b0cf0393375b75ea13866d9c66727e54c2fc80/typing_extensions-4.16.0-py3-none-any.whl", hash = "sha256:481caa481374e813c1b176ada14e97f1f67a4539ce9cfeb3f350d78d6370c2e8", size = 45571, upload-time = "2026-07-02T08:40:04.659Z" },
]
